{
  "name": "no-db-rest",
  "version": "0.0.1",
  "lockfileVersion": 1,
  "dependencies": {
    "@types/mkdirp": {
      "version": "0.3.29",
      "resolved": "https://registry.npmjs.org/@types/mkdirp/-/mkdirp-0.3.29.tgz",
      "integrity": "sha1-fyrX7FX5FEgvybHsS7GuYCjUYGY=",
      "dev": true
    },
    "@types/node": {
      "version": "7.0.23",
      "resolved": "https://registry.npmjs.org/@types/node/-/node-7.0.23.tgz",
      "integrity": "sha512-F+qaJi0iw9Yk7Ugml+HtTi2r399gPEFfKh2lwr86/a/5LVHODiAllBlNCNrgo5sT9WRHl74ryEbXVeNUN3ToCQ==",
      "dev": true
    },
    "minimist": {
      "version": "0.0.8",
      "resolved": "https://registry.npmjs.org/minimist/-/minimist-0.0.8.tgz",
      "integrity": "sha1-hX/Kv8M5fSYluCKCYuhqp6ARsF0="
    },
    "mkdirp": {
      "version": "0.5.1",
      "resolved": "https://registry.npmjs.org/mkdirp/-/mkdirp-0.5.1.tgz",
      "integrity": "sha1-MAV0OOrGz3+MR2fzhkjWaX11yQM="
    },
    "typescript": {
      "version": "2.3.4",
      "resolved": "https://registry.npmjs.org/typescript/-/typescript-2.3.4.tgz",
      "integrity": "sha1-PTgyGCgjHkNPKHUUlZw3qCtin0I=",
      "dev": true
    }
  }
}
